
Microsoft Visual Studio Solution File, Format Version 12.00
# Visual Studio Version 17
VisualStudioVersion = 17.7.34031.279
MinimumVisualStudioVersion = 10.0.40219.1
Project("{FAE04EC0-301F-11D3-BF4B-00C04F79EFBC}") = "BookStore", "BookStore\BookStore.csproj", "{5CB54F52-61BD-4278-A551-1C6227AECC89}"
EndProject
Global
	GlobalSection(SolutionConfigurationPlatforms) = preSolution
		Debug|Any CPU = Debug|Any CPU
		Release|Any CPU = Release|Any CPU
	EndGlobalSection
	GlobalSection(ProjectConfigurationPlatforms) = postSolution
		{5CB54F52-61BD-4278-A551-1C6227AECC89}.Debug|Any CPU.ActiveCfg = Debug|Any CPU
		{5CB54F52-61BD-4278-A551-1C6227AECC89}.Debug|Any CPU.Build.0 = Debug|Any CPU
		{5CB54F52-61BD-4278-A551-1C6227AECC89}.Release|Any CPU.ActiveCfg = Release|Any CPU
		{5CB54F52-61BD-4278-A551-1C6227AECC89}.Release|Any CPU.Build.0 = Release|Any CPU
	EndGlobalSection
	GlobalSection(SolutionProperties) = preSolution
		HideSolutionNode = FALSE
	EndGlobalSection
	GlobalSection(ExtensibilityGlobals) = postSolution
		SolutionGuid = {56DFC789-8CF4-4CF7-9F84-2EB7919C4B09}
	EndGlobalSection
EndGlobal
